# THIS IS AN AUTOGENERATED FILE. DO NOT EDIT THIS FILE DIRECTLY.
# yarn lockfile v1


"@faker-js/faker@^6.0.0-alpha.5":
  version "6.0.0-alpha.5"
  resolved "https://registry.yarnpkg.com/@faker-js/faker/-/faker-6.0.0-alpha.5.tgz#2c1ab022b3aed76d563b1510ba2b797ce141d25e"
  integrity sha512-8Is/xFxNgricqmhQR/AJ4Vi0cKzSR7FcpE0ImG9dWciuSxUkyCiK+B5/hTQP8jrVbtgTjpFC1AaTCnALJOBDmw==
